{
  "name": "really-large-application",
  "version": "1.0.0",
  "lockfileVersion": 3,
  "requires": true,
  "packages": {
    "": {
      "name": "really-large-application",
      "version": "1.0.0",
      "license": "ISC",
      "dependencies": {
        "color": "file:../color"
      }
    },
    "../color": {
      "version": "1.0.0",
      "license": "ISC"
    },
    "node_modules/color": {
      "resolved": "../color",
      "link": true
    }
  }
}
